<?xml version="1.0" encoding="utf-8"?>
<Project ToolsVersion="4.0" xmlns="http://schemas.microsoft.com/developer/msbuild/2003">
  <ItemGroup>
    <Text Include="TextFile\3월_언리얼수업정리.txt" />
    <Text Include="TextFile\4월_언리얼수업정리.txt" />
  </ItemGroup>
  <ItemGroup>
    <ClInclude Include="Class\March\0302~0306.h" />
    <ClInclude Include="Class\March\0307.h" />
    <ClInclude Include="Class\March\0308.h" />
    <ClInclude Include="Class\March\0309.h" />
    <ClInclude Include="Class\March\0310.h" />
    <ClInclude Include="Class\March\0313.h" />
    <ClInclude Include="Class\March\0314.h" />
    <ClInclude Include="Class\March\0315.h" />
    <ClInclude Include="Class\March\0316.h" />
    <ClInclude Include="Class\March\0317.h" />
    <ClInclude Include="MyNote\Useful.h" />
    <ClInclude Include="Class\March\0321.h" />
    <ClInclude Include="Class\March\0322.h" />
    <ClInclude Include="Class\March\0323.h" />
    <ClInclude Include="Class\March\0324.h" />
    <ClInclude Include="Class\March\0327.h" />
    <ClInclude Include="Class\March\0328.h" />
    <ClInclude Include="Class\March\0329.h" />
    <ClInclude Include="Class\March\0330.h" />
    <ClInclude Include="Class\March\0331.h" />
    <ClInclude Include="Class\April\0403.h" />
    <ClInclude Include="Class\April\0404.h" />
    <ClInclude Include="Class\April\0405.h" />
    <ClInclude Include="Class\April\0406.h" />
    <ClInclude Include="Class\April\0407.h" />
    <ClInclude Include="Class\April\0411.h" />
    <ClInclude Include="MyNote\Portpolio\DADemo\0_BasicActivationOfCharacter.h" />
    <ClInclude Include="MyNote\Portpolio\DADemo\1_PlayerViewBlend.h" />
    <ClInclude Include="MyNote\Portpolio\DADemo\2_MakeActionForFarmerAndConstructor.h" />
    <ClInclude Include="MyNote\Portpolio\DADemo\3_EnemyAI.h" />
    <ClInclude Include="MyNote\Portpolio\DADemo\4_EnemyAnimationAndState.h" />
    <ClInclude Include="MyNote\Portpolio\DADemo\5_EnemySpawner.h" />
    <ClInclude Include="MyNote\Portpolio\DADemo\6_MapForFarmerAndConstructor.h" />
    <ClInclude Include="MyNote\Portpolio\DADemo\7_MainTower.h" />
    <ClInclude Include="MyNote\Portpolio\DADemo\8_MainTowerUIAndMainUI.h" />
    <ClInclude Include="MyNote\Portpolio\DADemo\9_CameraViewForEntire.h" />
    <ClInclude Include="MyNote\Portpolio\DADemo\10_DetailFor0to9.h" />
    <ClInclude Include="MyNote\Portpolio\DADemo\11_VarationOfRound.h" />
    <ClInclude Include="MyNote\Portpolio\DADemo\12_HowToRoundChange.h" />
    <ClInclude Include="Class\April\0412.h" />
    <ClInclude Include="Class\April\0413.h" />
    <ClInclude Include="Class\April\0414.h" />
    <ClInclude Include="Class\April\0417.h" />
  </ItemGroup>
</Project>