<?xml version="1.0" encoding="utf-8"?>
<Project ToolsVersion="4.0" xmlns="http://schemas.microsoft.com/developer/msbuild/2003">
  <ItemGroup>
    <Text Include="TextFiles\3월_언리얼수업정리.txt" />
    <Text Include="TextFiles\4월_언리얼수업정리.txt" />
    <Text Include="TextFiles\에셋정리.txt" />
    <Text Include="TextFiles\5월_언리얼수업정리.txt" />
    <Text Include="TextFiles\6월_언리얼수업정리.txt" />
  </ItemGroup>
  <ItemGroup>
    <ClInclude Include="Class_Month\March\0302~0306.h" />
    <ClInclude Include="Class_Month\March\0307.h" />
    <ClInclude Include="Class_Month\March\0308.h" />
    <ClInclude Include="Class_Month\March\0309.h" />
    <ClInclude Include="Class_Month\March\0310.h" />
    <ClInclude Include="Class_Month\March\0313.h" />
    <ClInclude Include="Class_Month\March\0314.h" />
    <ClInclude Include="Class_Month\March\0315.h" />
    <ClInclude Include="Class_Month\March\0316.h" />
    <ClInclude Include="Class_Month\March\0317.h" />
    <ClInclude Include="MyNotes\Useful_BluePrint.h" />
    <ClInclude Include="Class_Month\March\0321.h" />
    <ClInclude Include="Class_Month\March\0322.h" />
    <ClInclude Include="Class_Month\March\0323.h" />
    <ClInclude Include="Class_Month\March\0324.h" />
    <ClInclude Include="Class_Month\March\0327.h" />
    <ClInclude Include="Class_Month\March\0328.h" />
    <ClInclude Include="Class_Month\March\0329.h" />
    <ClInclude Include="Class_Month\March\0330.h" />
    <ClInclude Include="Class_Month\March\0331.h" />
    <ClInclude Include="Class_Month\April\0403.h" />
    <ClInclude Include="Class_Month\April\0404.h" />
    <ClInclude Include="Class_Month\April\0405.h" />
    <ClInclude Include="Class_Month\April\0406.h" />
    <ClInclude Include="Class_Month\April\0407.h" />
    <ClInclude Include="Class_Month\April\0411.h" />
    <ClInclude Include="MyNotes\Portpolio\DADemo\SequenceOfTheWork\0_BasicActivationOfCharacter.h" />
    <ClInclude Include="MyNotes\Portpolio\DADemo\SequenceOfTheWork\1_PlayerViewBlend.h" />
    <ClInclude Include="MyNotes\Portpolio\DADemo\SequenceOfTheWork\2_MakeActionForFarmerAndConstructor.h" />
    <ClInclude Include="MyNotes\Portpolio\DADemo\SequenceOfTheWork\3_EnemyAI.h" />
    <ClInclude Include="MyNotes\Portpolio\DADemo\SequenceOfTheWork\4_EnemyAnimationAndState.h" />
    <ClInclude Include="MyNotes\Portpolio\DADemo\SequenceOfTheWork\5_EnemySpawner.h" />
    <ClInclude Include="MyNotes\Portpolio\DADemo\SequenceOfTheWork\6_MapForFarmerAndConstructor.h" />
    <ClInclude Include="MyNotes\Portpolio\DADemo\SequenceOfTheWork\7_MainTower.h" />
    <ClInclude Include="MyNotes\Portpolio\DADemo\SequenceOfTheWork\8_MainTowerUIAndMainUI.h" />
    <ClInclude Include="MyNotes\Portpolio\DADemo\SequenceOfTheWork\9_CameraViewForEntire.h" />
    <ClInclude Include="MyNotes\Portpolio\DADemo\SequenceOfTheWork\10_DetailFor0to9.h" />
    <ClInclude Include="MyNotes\Portpolio\DADemo\SequenceOfTheWork\11_VarationOfRound.h" />
    <ClInclude Include="MyNotes\Portpolio\DADemo\SequenceOfTheWork\12_HowToRoundChange.h" />
    <ClInclude Include="Class_Month\April\0412.h" />
    <ClInclude Include="Class_Month\April\0413.h" />
    <ClInclude Include="Class_Month\April\0414.h" />
    <ClInclude Include="Class_Month\April\0417.h" />
    <ClInclude Include="Class_Month\April\0418.h" />
    <ClInclude Include="Class_Month\April\0421.h" />
    <ClInclude Include="Class_Month\April\0425.h" />
    <ClInclude Include="Class_Month\April\0426.h" />
    <ClInclude Include="Class_Month\April\0427.h" />
    <ClInclude Include="MyNotes\Portpolio\DADemo\MidTermInspection\0428_Check.h" />
    <ClInclude Include="Class_Month\April\0428.h" />
    <ClInclude Include="Class_Month\May\0502.h" />
    <ClInclude Include="Class_Month\May\0503.h" />
    <ClInclude Include="Class_Month\May\0504.h" />
    <ClInclude Include="Class_Month\May\0508.h" />
    <ClInclude Include="Class_Month\May\0509.h" />
    <ClInclude Include="Class_Month\May\0510.h" />
    <ClInclude Include="Class_Month\May\0512.h" />
    <ClInclude Include="MyNotes\Usefule_Cpp.h" />
    <ClInclude Include="Class_Month\June\0619.h" />
  </ItemGroup>
  <ItemGroup>
    <Image Include="Images\ZoomInOut.png" />
  </ItemGroup>
</Project>